
{
  "name": "pandora-ai",
  "lockfileVersion": 3,
  "requires": true,
  "packages": {
    "": {
      "name": "pandora-ai",
      "hasInstallScript": true,
      "dependencies": {
        "@headlessui/vue": "^1.7.12",
        "@microsoft/fetch-event-source": "^2.0.1",
        "@pinia/nuxt": "^0.4.7",
        "fork-corner": "^2.0.1",
        "highlight.js": "^11.7.0",
        "isomorphic-dompurify": "^1.1.0",
        "lodash": "^4.17.21",
        "marked": "^4.2.12",
        "pinia": "^2.0.33",
        "uuid": "^9.0.0"